
Microsoft Visual Studio Solution File, Format Version 11.00
# Visual Studio 2010
# SharpDevelop 5.1
Project("{FAE04EC0-301F-11D3-BF4B-00C04F79EFBC}") = "CreateFormatFile", "CreateFormatFile.csproj", "{EED3781C-5140-4D0C-AAC5-934EAF75A7D0}"
EndProject
Global
	GlobalSection(SolutionConfigurationPlatforms) = preSolution
		Debug|Any CPU = Debug|Any CPU
		Release|Any CPU = Release|Any CPU
	EndGlobalSection
	GlobalSection(ProjectConfigurationPlatforms) = postSolution
		{EED3781C-5140-4D0C-AAC5-934EAF75A7D0}.Debug|Any CPU.ActiveCfg = Debug|Any CPU
		{EED3781C-5140-4D0C-AAC5-934EAF75A7D0}.Debug|Any CPU.Build.0 = Debug|Any CPU
		{EED3781C-5140-4D0C-AAC5-934EAF75A7D0}.Release|Any CPU.ActiveCfg = Release|Any CPU
		{EED3781C-5140-4D0C-AAC5-934EAF75A7D0}.Release|Any CPU.Build.0 = Release|Any CPU
	EndGlobalSection
EndGlobal
